
Microsoft Visual Studio Solution File, Format Version 12.00
# Visual Studio Version 16
VisualStudioVersion = 16.0.31112.23
MinimumVisualStudioVersion = 10.0.40219.1
Project("{9A19103F-16F7-4668-BE54-9A1E7A4F7556}") = "LibEnigmaSharp", "LibEnigmaSharp\LibEnigmaSharp.csproj", "{F8CE99B2-0F08-4B60-9A48-1F28C2D2E98A}"
EndProject
Project("{9A19103F-16F7-4668-BE54-9A1E7A4F7556}") = "LibEnigmaSharp.Test", "LibEnigmaSharp.Test\LibEnigmaSharp.Test.csproj", "{1936992A-E3A9-457B-96CB-E21EA9EAB99B}"
EndProject
Global
	GlobalSection(SolutionConfigurationPlatforms) = preSolution
		Debug|Any CPU = Debug|Any CPU
		Release|Any CPU = Release|Any CPU
	EndGlobalSection
	GlobalSection(ProjectConfigurationPlatforms) = postSolution
		{F8CE99B2-0F08-4B60-9A48-1F28C2D2E98A}.Debug|Any CPU.ActiveCfg = Debug|Any CPU
		{F8CE99B2-0F08-4B60-9A48-1F28C2D2E98A}.Debug|Any CPU.Build.0 = Debug|Any CPU
		{F8CE99B2-0F08-4B60-9A48-1F28C2D2E98A}.Release|Any CPU.ActiveCfg = Release|Any CPU
		{F8CE99B2-0F08-4B60-9A48-1F28C2D2E98A}.Release|Any CPU.Build.0 = Release|Any CPU
		{1936992A-E3A9-457B-96CB-E21EA9EAB99B}.Debug|Any CPU.ActiveCfg = Debug|Any CPU
		{1936992A-E3A9-457B-96CB-E21EA9EAB99B}.Debug|Any CPU.Build.0 = Debug|Any CPU
		{1936992A-E3A9-457B-96CB-E21EA9EAB99B}.Release|Any CPU.ActiveCfg = Release|Any CPU
		{1936992A-E3A9-457B-96CB-E21EA9EAB99B}.Release|Any CPU.Build.0 = Release|Any CPU
	EndGlobalSection
	GlobalSection(SolutionProperties) = preSolution
		HideSolutionNode = FALSE
	EndGlobalSection
	GlobalSection(ExtensibilityGlobals) = postSolution
		SolutionGuid = {AA8F530A-3367-437C-A0CA-711FAAF1625B}
	EndGlobalSection
EndGlobal
